
Microsoft Visual Studio Solution File, Format Version 10.00
# Visual Studio 2008
Project("{8BC9CEB8-8B4A-11D0-8D11-00A0C91BC942}") = "cpp", "cpp\cpp.vcproj", "{B4795488-C322-44BF-9B3D-2515ED536598}"
EndProject
Project("{8BC9CEB8-8B4A-11D0-8D11-00A0C91BC942}") = "lburg", "lburg\lburg.vcproj", "{ACD78E3D-65C8-43EB-925E-B2625E551FF5}"
EndProject
Project("{8BC9CEB8-8B4A-11D0-8D11-00A0C91BC942}") = "lcc42", "lcc42.vcproj", "{F11D111A-6B5B-44FB-8068-F5292F23CCCB}"
EndProject
Global
	GlobalSection(SolutionConfigurationPlatforms) = preSolution
		Debug|Win32 = Debug|Win32
		Release|Win32 = Release|Win32
	EndGlobalSection
	GlobalSection(ProjectConfigurationPlatforms) = postSolution
		{B4795488-C322-44BF-9B3D-2515ED536598}.Debug|Win32.ActiveCfg = Debug|Win32
		{B4795488-C322-44BF-9B3D-2515ED536598}.Debug|Win32.Build.0 = Debug|Win32
		{B4795488-C322-44BF-9B3D-2515ED536598}.Release|Win32.ActiveCfg = Release|Win32
		{B4795488-C322-44BF-9B3D-2515ED536598}.Release|Win32.Build.0 = Release|Win32
		{ACD78E3D-65C8-43EB-925E-B2625E551FF5}.Debug|Win32.ActiveCfg = Debug|Win32
		{ACD78E3D-65C8-43EB-925E-B2625E551FF5}.Debug|Win32.Build.0 = Debug|Win32
		{ACD78E3D-65C8-43EB-925E-B2625E551FF5}.Release|Win32.ActiveCfg = Release|Win32
		{ACD78E3D-65C8-43EB-925E-B2625E551FF5}.Release|Win32.Build.0 = Release|Win32
		{F11D111A-6B5B-44FB-8068-F5292F23CCCB}.Debug|Win32.ActiveCfg = Debug|Win32
		{F11D111A-6B5B-44FB-8068-F5292F23CCCB}.Debug|Win32.Build.0 = Debug|Win32
		{F11D111A-6B5B-44FB-8068-F5292F23CCCB}.Release|Win32.ActiveCfg = Release|Win32
		{F11D111A-6B5B-44FB-8068-F5292F23CCCB}.Release|Win32.Build.0 = Release|Win32
	EndGlobalSection
	GlobalSection(SolutionProperties) = preSolution
		HideSolutionNode = FALSE
	EndGlobalSection
EndGlobal
